
Microsoft Visual Studio Solution File, Format Version 12.00
# Visual Studio Version 17
VisualStudioVersion = 17.4.33122.133
MinimumVisualStudioVersion = 10.0.40219.1
Project("{FAE04EC0-301F-11D3-BF4B-00C04F79EFBC}") = "Pierwszy projekt", "Pierwszy projekt\Pierwszy projekt.csproj", "{0E002ABA-A992-40D4-9FC1-19C36CA22C61}"
EndProject
Project("{FAE04EC0-301F-11D3-BF4B-00C04F79EFBC}") = "Drugi projekt", "Drugi projekt\Drugi projekt.csproj", "{F6D6BA61-A017-4B9F-B974-49FB6863945F}"
EndProject
Project("{FAE04EC0-301F-11D3-BF4B-00C04F79EFBC}") = "Figury", "Figury\Figury.csproj", "{4898F31A-03BE-497E-8DCD-BE5F0718411B}"
EndProject
Project("{FAE04EC0-301F-11D3-BF4B-00C04F79EFBC}") = "Bank", "Bank\Bank.csproj", "{BDC398D3-5D39-4FE5-9DE4-944B05255F74}"
EndProject
Project("{9A19103F-16F7-4668-BE54-9A1E7A4F7556}") = "Delegaty", "Delegaty\Delegaty.csproj", "{F0DF5785-F06B-4CDA-8B0C-9AE96E268427}"
EndProject
Project("{9A19103F-16F7-4668-BE54-9A1E7A4F7556}") = "Typ generyczny", "Typ generyczny\Typ generyczny.csproj", "{7468205C-988F-4E1A-B7FA-3F15AEB94981}"
EndProject
Project("{9A19103F-16F7-4668-BE54-9A1E7A4F7556}") = "Kolekcje", "Kolekcje\Kolekcje.csproj", "{987CE492-1855-416B-AFCF-A4D430B17CB9}"
EndProject
Project("{9A19103F-16F7-4668-BE54-9A1E7A4F7556}") = "Statyczność", "Statyczność\Statyczność.csproj", "{4B425721-04C8-47F8-AACC-65F0FDED53EA}"
EndProject
Project("{2150E333-8FDC-42A3-9474-1A3956D46DE8}") = "Konsola", "Konsola", "{D636D8AD-DC26-4DEB-9E93-91E2A9950C68}"
EndProject
Project("{2150E333-8FDC-42A3-9474-1A3956D46DE8}") = "Windows forms", "Windows forms", "{A17E7105-AAE4-459D-B404-711BF92907C1}"
EndProject
Project("{9A19103F-16F7-4668-BE54-9A1E7A4F7556}") = "Pierwsze okno", "Pierwsze okno\Pierwsze okno.csproj", "{A00D858E-A774-4C6F-BA78-90048F0C74CF}"
EndProject
Project("{9A19103F-16F7-4668-BE54-9A1E7A4F7556}") = "Notatnik", "Notatnik\Notatnik.csproj", "{14EB78CC-ACDC-4F5B-B1E1-37EF4CE09563}"
EndProject
Project("{9A19103F-16F7-4668-BE54-9A1E7A4F7556}") = "PeselForms", "PeselForms\PeselForms.csproj", "{DCFB0A89-85AE-41DE-966B-EADDA0430C12}"
EndProject
Project("{9A19103F-16F7-4668-BE54-9A1E7A4F7556}") = "DaneOsobowe", "DaneOsobowe\DaneOsobowe.csproj", "{34BE69DF-8820-4AC9-A5DA-041E13A4855F}"
EndProject
Project("{9A19103F-16F7-4668-BE54-9A1E7A4F7556}") = "SpisOsob", "SpisOsob\SpisOsob.csproj", "{6FD17412-2079-401B-96A6-20853A8A8733}"
EndProject
Project("{9A19103F-16F7-4668-BE54-9A1E7A4F7556}") = "ProjektUczniowie", "ProjektUczniowie\ProjektUczniowie.csproj", "{96866D19-5CA7-46FD-9569-012942CABEE9}"
EndProject
Project("{9A19103F-16F7-4668-BE54-9A1E7A4F7556}") = "Przelicznik", "Przelicznik\Przelicznik.csproj", "{A7B69789-0E4B-4AFF-A0CF-333071432C4F}"
EndProject
Project("{2150E333-8FDC-42A3-9474-1A3956D46DE8}") = "WPF", "WPF", "{574997CA-E5DA-4581-A9C4-E654ACFCC515}"
EndProject
Project("{9A19103F-16F7-4668-BE54-9A1E7A4F7556}") = "FirstWPFApp", "FirstWPFApp\FirstWPFApp.csproj", "{0EFEAD8D-A885-4283-B5C3-05709D404B66}"
EndProject
Project("{9A19103F-16F7-4668-BE54-9A1E7A4F7556}") = "ContainersWPF", "ContainersWPF\ContainersWPF.csproj", "{E759611F-4116-4BF8-8720-7E859C6667B0}"
EndProject
Project("{9A19103F-16F7-4668-BE54-9A1E7A4F7556}") = "BindingApp", "BindingApp\BindingApp.csproj", "{AA0EC9C7-E47C-4DDC-973D-563BA2A0BD2F}"
EndProject
Project("{9A19103F-16F7-4668-BE54-9A1E7A4F7556}") = "UtilitiesWpf", "UtilitiesWpf\UtilitiesWpf.csproj", "{109E8737-66A7-488C-97CB-D1D6221E9ADE}"
EndProject
Project("{9A19103F-16F7-4668-BE54-9A1E7A4F7556}") = "ComboBoxProject", "ComboBoxProject\ComboBoxProject.csproj", "{4D148524-95BE-4A42-A409-B561443F5795}"
EndProject
Project("{9A19103F-16F7-4668-BE54-9A1E7A4F7556}") = "OnlyBindingApp", "OnlyBindingApp\OnlyBindingApp.csproj", "{5B94EB29-73E2-40DE-AA0B-0AE60F4032CA}"
EndProject
Project("{9A19103F-16F7-4668-BE54-9A1E7A4F7556}") = "FirstMVVMApp", "FirstMVVMApp\FirstMVVMApp.csproj", "{686EA366-6BF8-4669-BBD1-67EFC4A16C67}"
EndProject
Project("{9A19103F-16F7-4668-BE54-9A1E7A4F7556}") = "ConvertersWpfApp", "ConvertersWpfApp\ConvertersWpfApp.csproj", "{111B1D83-6443-4A98-987D-89F376223DF6}"
EndProject
Project("{9A19103F-16F7-4668-BE54-9A1E7A4F7556}") = "SliderRGB", "SliderRGB\SliderRGB.csproj", "{6B366A04-716D-4CDA-83FE-22392DE60B48}"
EndProject
Project("{9A19103F-16F7-4668-BE54-9A1E7A4F7556}") = "CalculatorWPF", "CalculatorWPF\CalculatorWPF.csproj", "{12AE7F03-4883-41FA-994E-C8369AA3DC3D}"
EndProject
Project("{9A19103F-16F7-4668-BE54-9A1E7A4F7556}") = "ClockWpfApp", "ClockWpfApp\ClockWpfApp.csproj", "{A328AD5D-6E55-4C24-8D70-B09FD00D80DF}"
EndProject
Project("{FAE04EC0-301F-11D3-BF4B-00C04F79EFBC}") = "PhotoViewerWPFApp", "PhotoViewerWPFApp\PhotoViewerWPFApp.csproj", "{6AD8D4D0-32F1-4B64-B0CA-D5DF0117E020}"
	ProjectSection(ProjectDependencies) = postProject
		{109E8737-66A7-488C-97CB-D1D6221E9ADE} = {109E8737-66A7-488C-97CB-D1D6221E9ADE}
	EndProjectSection
EndProject
Global
	GlobalSection(SolutionConfigurationPlatforms) = preSolution
		Debug|Any CPU = Debug|Any CPU
		Debug|x64 = Debug|x64
		Debug|x86 = Debug|x86
		Release|Any CPU = Release|Any CPU
		Release|x64 = Release|x64
		Release|x86 = Release|x86
	EndGlobalSection
	GlobalSection(ProjectConfigurationPlatforms) = postSolution
		{0E002ABA-A992-40D4-9FC1-19C36CA22C61}.Debug|Any CPU.ActiveCfg = Debug|Any CPU
		{0E002ABA-A992-40D4-9FC1-19C36CA22C61}.Debug|Any CPU.Build.0 = Debug|Any CPU
		{0E002ABA-A992-40D4-9FC1-19C36CA22C61}.Debug|x64.ActiveCfg = Debug|Any CPU
		{0E002ABA-A992-40D4-9FC1-19C36CA22C61}.Debug|x64.Build.0 = Debug|Any CPU
		{0E002ABA-A992-40D4-9FC1-19C36CA22C61}.Debug|x86.ActiveCfg = Debug|Any CPU
		{0E002ABA-A992-40D4-9FC1-19C36CA22C61}.Debug|x86.Build.0 = Debug|Any CPU
		{0E002ABA-A992-40D4-9FC1-19C36CA22C61}.Release|Any CPU.ActiveCfg = Release|Any CPU
		{0E002ABA-A992-40D4-9FC1-19C36CA22C61}.Release|Any CPU.Build.0 = Release|Any CPU
		{0E002ABA-A992-40D4-9FC1-19C36CA22C61}.Release|x64.ActiveCfg = Release|Any CPU
		{0E002ABA-A992-40D4-9FC1-19C36CA22C61}.Release|x64.Build.0 = Release|Any CPU
		{0E002ABA-A992-40D4-9FC1-19C36CA22C61}.Release|x86.ActiveCfg = Release|Any CPU
		{0E002ABA-A992-40D4-9FC1-19C36CA22C61}.Release|x86.Build.0 = Release|Any CPU
		{F6D6BA61-A017-4B9F-B974-49FB6863945F}.Debug|Any CPU.ActiveCfg = Debug|Any CPU
		{F6D6BA61-A017-4B9F-B974-49FB6863945F}.Debug|Any CPU.Build.0 = Debug|Any CPU
		{F6D6BA61-A017-4B9F-B974-49FB6863945F}.Debug|x64.ActiveCfg = Debug|Any CPU
		{F6D6BA61-A017-4B9F-B974-49FB6863945F}.Debug|x64.Build.0 = Debug|Any CPU
		{F6D6BA61-A017-4B9F-B974-49FB6863945F}.Debug|x86.ActiveCfg = Debug|Any CPU
		{F6D6BA61-A017-4B9F-B974-49FB6863945F}.Debug|x86.Build.0 = Debug|Any CPU
		{F6D6BA61-A017-4B9F-B974-49FB6863945F}.Release|Any CPU.ActiveCfg = Release|Any CPU
		{F6D6BA61-A017-4B9F-B974-49FB6863945F}.Release|Any CPU.Build.0 = Release|Any CPU
		{F6D6BA61-A017-4B9F-B974-49FB6863945F}.Release|x64.ActiveCfg = Release|Any CPU
		{F6D6BA61-A017-4B9F-B974-49FB6863945F}.Release|x64.Build.0 = Release|Any CPU
		{F6D6BA61-A017-4B9F-B974-49FB6863945F}.Release|x86.ActiveCfg = Release|Any CPU
		{F6D6BA61-A017-4B9F-B974-49FB6863945F}.Release|x86.Build.0 = Release|Any CPU
		{4898F31A-03BE-497E-8DCD-BE5F0718411B}.Debug|Any CPU.ActiveCfg = Debug|Any CPU
		{4898F31A-03BE-497E-8DCD-BE5F0718411B}.Debug|Any CPU.Build.0 = Debug|Any CPU
		{4898F31A-03BE-497E-8DCD-BE5F0718411B}.Debug|x64.ActiveCfg = Debug|Any CPU
		{4898F31A-03BE-497E-8DCD-BE5F0718411B}.Debug|x64.Build.0 = Debug|Any CPU
		{4898F31A-03BE-497E-8DCD-BE5F0718411B}.Debug|x86.ActiveCfg = Debug|Any CPU
		{4898F31A-03BE-497E-8DCD-BE5F0718411B}.Debug|x86.Build.0 = Debug|Any CPU
		{4898F31A-03BE-497E-8DCD-BE5F0718411B}.Release|Any CPU.ActiveCfg = Release|Any CPU
		{4898F31A-03BE-497E-8DCD-BE5F0718411B}.Release|Any CPU.Build.0 = Release|Any CPU
		{4898F31A-03BE-497E-8DCD-BE5F0718411B}.Release|x64.ActiveCfg = Release|Any CPU
		{4898F31A-03BE-497E-8DCD-BE5F0718411B}.Release|x64.Build.0 = Release|Any CPU
		{4898F31A-03BE-497E-8DCD-BE5F0718411B}.Release|x86.ActiveCfg = Release|Any CPU
		{4898F31A-03BE-497E-8DCD-BE5F0718411B}.Release|x86.Build.0 = Release|Any CPU
		{BDC398D3-5D39-4FE5-9DE4-944B05255F74}.Debug|Any CPU.ActiveCfg = Debug|Any CPU
		{BDC398D3-5D39-4FE5-9DE4-944B05255F74}.Debug|Any CPU.Build.0 = Debug|Any CPU
		{BDC398D3-5D39-4FE5-9DE4-944B05255F74}.Debug|x64.ActiveCfg = Debug|Any CPU
		{BDC398D3-5D39-4FE5-9DE4-944B05255F74}.Debug|x64.Build.0 = Debug|Any CPU
		{BDC398D3-5D39-4FE5-9DE4-944B05255F74}.Debug|x86.ActiveCfg = Debug|Any CPU
		{BDC398D3-5D39-4FE5-9DE4-944B05255F74}.Debug|x86.Build.0 = Debug|Any CPU
		{BDC398D3-5D39-4FE5-9DE4-944B05255F74}.Release|Any CPU.ActiveCfg = Release|Any CPU
		{BDC398D3-5D39-4FE5-9DE4-944B05255F74}.Release|Any CPU.Build.0 = Release|Any CPU
		{BDC398D3-5D39-4FE5-9DE4-944B05255F74}.Release|x64.ActiveCfg = Release|Any CPU
		{BDC398D3-5D39-4FE5-9DE4-944B05255F74}.Release|x64.Build.0 = Release|Any CPU
		{BDC398D3-5D39-4FE5-9DE4-944B05255F74}.Release|x86.ActiveCfg = Release|Any CPU
		{BDC398D3-5D39-4FE5-9DE4-944B05255F74}.Release|x86.Build.0 = Release|Any CPU
		{F0DF5785-F06B-4CDA-8B0C-9AE96E268427}.Debug|Any CPU.ActiveCfg = Debug|Any CPU
		{F0DF5785-F06B-4CDA-8B0C-9AE96E268427}.Debug|Any CPU.Build.0 = Debug|Any CPU
		{F0DF5785-F06B-4CDA-8B0C-9AE96E268427}.Debug|x64.ActiveCfg = Debug|Any CPU
		{F0DF5785-F06B-4CDA-8B0C-9AE96E268427}.Debug|x64.Build.0 = Debug|Any CPU
		{F0DF5785-F06B-4CDA-8B0C-9AE96E268427}.Debug|x86.ActiveCfg = Debug|Any CPU
		{F0DF5785-F06B-4CDA-8B0C-9AE96E268427}.Debug|x86.Build.0 = Debug|Any CPU
		{F0DF5785-F06B-4CDA-8B0C-9AE96E268427}.Release|Any CPU.ActiveCfg = Release|Any CPU
		{F0DF5785-F06B-4CDA-8B0C-9AE96E268427}.Release|Any CPU.Build.0 = Release|Any CPU
		{F0DF5785-F06B-4CDA-8B0C-9AE96E268427}.Release|x64.ActiveCfg = Release|Any CPU
		{F0DF5785-F06B-4CDA-8B0C-9AE96E268427}.Release|x64.Build.0 = Release|Any CPU
		{F0DF5785-F06B-4CDA-8B0C-9AE96E268427}.Release|x86.ActiveCfg = Release|Any CPU
		{F0DF5785-F06B-4CDA-8B0C-9AE96E268427}.Release|x86.Build.0 = Release|Any CPU
		{7468205C-988F-4E1A-B7FA-3F15AEB94981}.Debug|Any CPU.ActiveCfg = Debug|Any CPU
		{7468205C-988F-4E1A-B7FA-3F15AEB94981}.Debug|Any CPU.Build.0 = Debug|Any CPU
		{7468205C-988F-4E1A-B7FA-3F15AEB94981}.Debug|x64.ActiveCfg = Debug|Any CPU
		{7468205C-988F-4E1A-B7FA-3F15AEB94981}.Debug|x64.Build.0 = Debug|Any CPU
		{7468205C-988F-4E1A-B7FA-3F15AEB94981}.Debug|x86.ActiveCfg = Debug|Any CPU
		{7468205C-988F-4E1A-B7FA-3F15AEB94981}.Debug|x86.Build.0 = Debug|Any CPU
		{7468205C-988F-4E1A-B7FA-3F15AEB94981}.Release|Any CPU.ActiveCfg = Release|Any CPU
		{7468205C-988F-4E1A-B7FA-3F15AEB94981}.Release|Any CPU.Build.0 = Release|Any CPU
		{7468205C-988F-4E1A-B7FA-3F15AEB94981}.Release|x64.ActiveCfg = Release|Any CPU
		{7468205C-988F-4E1A-B7FA-3F15AEB94981}.Release|x64.Build.0 = Release|Any CPU
		{7468205C-988F-4E1A-B7FA-3F15AEB94981}.Release|x86.ActiveCfg = Release|Any CPU
		{7468205C-988F-4E1A-B7FA-3F15AEB94981}.Release|x86.Build.0 = Release|Any CPU
		{987CE492-1855-416B-AFCF-A4D430B17CB9}.Debug|Any CPU.ActiveCfg = Debug|Any CPU
		{987CE492-1855-416B-AFCF-A4D430B17CB9}.Debug|Any CPU.Build.0 = Debug|Any CPU
		{987CE492-1855-416B-AFCF-A4D430B17CB9}.Debug|x64.ActiveCfg = Debug|Any CPU
		{987CE492-1855-416B-AFCF-A4D430B17CB9}.Debug|x64.Build.0 = Debug|Any CPU
		{987CE492-1855-416B-AFCF-A4D430B17CB9}.Debug|x86.ActiveCfg = Debug|Any CPU
		{987CE492-1855-416B-AFCF-A4D430B17CB9}.Debug|x86.Build.0 = Debug|Any CPU
		{987CE492-1855-416B-AFCF-A4D430B17CB9}.Release|Any CPU.ActiveCfg = Release|Any CPU
		{987CE492-1855-416B-AFCF-A4D430B17CB9}.Release|Any CPU.Build.0 = Release|Any CPU
		{987CE492-1855-416B-AFCF-A4D430B17CB9}.Release|x64.ActiveCfg = Release|Any CPU
		{987CE492-1855-416B-AFCF-A4D430B17CB9}.Release|x64.Build.0 = Release|Any CPU
		{987CE492-1855-416B-AFCF-A4D430B17CB9}.Release|x86.ActiveCfg = Release|Any CPU
		{987CE492-1855-416B-AFCF-A4D430B17CB9}.Release|x86.Build.0 = Release|Any CPU
		{4B425721-04C8-47F8-AACC-65F0FDED53EA}.Debug|Any CPU.ActiveCfg = Debug|Any CPU
		{4B425721-04C8-47F8-AACC-65F0FDED53EA}.Debug|Any CPU.Build.0 = Debug|Any CPU
		{4B425721-04C8-47F8-AACC-65F0FDED53EA}.Debug|x64.ActiveCfg = Debug|Any CPU
		{4B425721-04C8-47F8-AACC-65F0FDED53EA}.Debug|x64.Build.0 = Debug|Any CPU
		{4B425721-04C8-47F8-AACC-65F0FDED53EA}.Debug|x86.ActiveCfg = Debug|Any CPU
		{4B425721-04C8-47F8-AACC-65F0FDED53EA}.Debug|x86.Build.0 = Debug|Any CPU
		{4B425721-04C8-47F8-AACC-65F0FDED53EA}.Release|Any CPU.ActiveCfg = Release|Any CPU
		{4B425721-04C8-47F8-AACC-65F0FDED53EA}.Release|Any CPU.Build.0 = Release|Any CPU
		{4B425721-04C8-47F8-AACC-65F0FDED53EA}.Release|x64.ActiveCfg = Release|Any CPU
		{4B425721-04C8-47F8-AACC-65F0FDED53EA}.Release|x64.Build.0 = Release|Any CPU
		{4B425721-04C8-47F8-AACC-65F0FDED53EA}.Release|x86.ActiveCfg = Release|Any CPU
		{4B425721-04C8-47F8-AACC-65F0FDED53EA}.Release|x86.Build.0 = Release|Any CPU
		{A00D858E-A774-4C6F-BA78-90048F0C74CF}.Debug|Any CPU.ActiveCfg = Debug|Any CPU
		{A00D858E-A774-4C6F-BA78-90048F0C74CF}.Debug|Any CPU.Build.0 = Debug|Any CPU
		{A00D858E-A774-4C6F-BA78-90048F0C74CF}.Debug|x64.ActiveCfg = Debug|Any CPU
		{A00D858E-A774-4C6F-BA78-90048F0C74CF}.Debug|x64.Build.0 = Debug|Any CPU
		{A00D858E-A774-4C6F-BA78-90048F0C74CF}.Debug|x86.ActiveCfg = Debug|Any CPU
		{A00D858E-A774-4C6F-BA78-90048F0C74CF}.Debug|x86.Build.0 = Debug|Any CPU
		{A00D858E-A774-4C6F-BA78-90048F0C74CF}.Release|Any CPU.ActiveCfg = Release|Any CPU
		{A00D858E-A774-4C6F-BA78-90048F0C74CF}.Release|Any CPU.Build.0 = Release|Any CPU
		{A00D858E-A774-4C6F-BA78-90048F0C74CF}.Release|x64.ActiveCfg = Release|Any CPU
		{A00D858E-A774-4C6F-BA78-90048F0C74CF}.Release|x64.Build.0 = Release|Any CPU
		{A00D858E-A774-4C6F-BA78-90048F0C74CF}.Release|x86.ActiveCfg = Release|Any CPU
		{A00D858E-A774-4C6F-BA78-90048F0C74CF}.Release|x86.Build.0 = Release|Any CPU
		{14EB78CC-ACDC-4F5B-B1E1-37EF4CE09563}.Debug|Any CPU.ActiveCfg = Debug|Any CPU
		{14EB78CC-ACDC-4F5B-B1E1-37EF4CE09563}.Debug|Any CPU.Build.0 = Debug|Any CPU
		{14EB78CC-ACDC-4F5B-B1E1-37EF4CE09563}.Debug|x64.ActiveCfg = Debug|Any CPU
		{14EB78CC-ACDC-4F5B-B1E1-37EF4CE09563}.Debug|x64.Build.0 = Debug|Any CPU
		{14EB78CC-ACDC-4F5B-B1E1-37EF4CE09563}.Debug|x86.ActiveCfg = Debug|Any CPU
		{14EB78CC-ACDC-4F5B-B1E1-37EF4CE09563}.Debug|x86.Build.0 = Debug|Any CPU
		{14EB78CC-ACDC-4F5B-B1E1-37EF4CE09563}.Release|Any CPU.ActiveCfg = Release|Any CPU
		{14EB78CC-ACDC-4F5B-B1E1-37EF4CE09563}.Release|Any CPU.Build.0 = Release|Any CPU
		{14EB78CC-ACDC-4F5B-B1E1-37EF4CE09563}.Release|x64.ActiveCfg = Release|Any CPU
		{14EB78CC-ACDC-4F5B-B1E1-37EF4CE09563}.Release|x64.Build.0 = Release|Any CPU
		{14EB78CC-ACDC-4F5B-B1E1-37EF4CE09563}.Release|x86.ActiveCfg = Release|Any CPU
		{14EB78CC-ACDC-4F5B-B1E1-37EF4CE09563}.Release|x86.Build.0 = Release|Any CPU
		{DCFB0A89-85AE-41DE-966B-EADDA0430C12}.Debug|Any CPU.ActiveCfg = Debug|Any CPU
		{DCFB0A89-85AE-41DE-966B-EADDA0430C12}.Debug|Any CPU.Build.0 = Debug|Any CPU
		{DCFB0A89-85AE-41DE-966B-EADDA0430C12}.Debug|x64.ActiveCfg = Debug|Any CPU
		{DCFB0A89-85AE-41DE-966B-EADDA0430C12}.Debug|x64.Build.0 = Debug|Any CPU
		{DCFB0A89-85AE-41DE-966B-EADDA0430C12}.Debug|x86.ActiveCfg = Debug|Any CPU
		{DCFB0A89-85AE-41DE-966B-EADDA0430C12}.Debug|x86.Build.0 = Debug|Any CPU
		{DCFB0A89-85AE-41DE-966B-EADDA0430C12}.Release|Any CPU.ActiveCfg = Release|Any CPU
		{DCFB0A89-85AE-41DE-966B-EADDA0430C12}.Release|Any CPU.Build.0 = Release|Any CPU
		{DCFB0A89-85AE-41DE-966B-EADDA0430C12}.Release|x64.ActiveCfg = Release|Any CPU
		{DCFB0A89-85AE-41DE-966B-EADDA0430C12}.Release|x64.Build.0 = Release|Any CPU
		{DCFB0A89-85AE-41DE-966B-EADDA0430C12}.Release|x86.ActiveCfg = Release|Any CPU
		{DCFB0A89-85AE-41DE-966B-EADDA0430C12}.Release|x86.Build.0 = Release|Any CPU
		{34BE69DF-8820-4AC9-A5DA-041E13A4855F}.Debug|Any CPU.ActiveCfg = Debug|Any CPU
		{34BE69DF-8820-4AC9-A5DA-041E13A4855F}.Debug|Any CPU.Build.0 = Debug|Any CPU
		{34BE69DF-8820-4AC9-A5DA-041E13A4855F}.Debug|x64.ActiveCfg = Debug|Any CPU
		{34BE69DF-8820-4AC9-A5DA-041E13A4855F}.Debug|x64.Build.0 = Debug|Any CPU
		{34BE69DF-8820-4AC9-A5DA-041E13A4855F}.Debug|x86.ActiveCfg = Debug|Any CPU
		{34BE69DF-8820-4AC9-A5DA-041E13A4855F}.Debug|x86.Build.0 = Debug|Any CPU
		{34BE69DF-8820-4AC9-A5DA-041E13A4855F}.Release|Any CPU.ActiveCfg = Release|Any CPU
		{34BE69DF-8820-4AC9-A5DA-041E13A4855F}.Release|Any CPU.Build.0 = Release|Any CPU
		{34BE69DF-8820-4AC9-A5DA-041E13A4855F}.Release|x64.ActiveCfg = Release|Any CPU
		{34BE69DF-8820-4AC9-A5DA-041E13A4855F}.Release|x64.Build.0 = Release|Any CPU
		{34BE69DF-8820-4AC9-A5DA-041E13A4855F}.Release|x86.ActiveCfg = Release|Any CPU
		{34BE69DF-8820-4AC9-A5DA-041E13A4855F}.Release|x86.Build.0 = Release|Any CPU
		{6FD17412-2079-401B-96A6-20853A8A8733}.Debug|Any CPU.ActiveCfg = Debug|Any CPU
		{6FD17412-2079-401B-96A6-20853A8A8733}.Debug|Any CPU.Build.0 = Debug|Any CPU
		{6FD17412-2079-401B-96A6-20853A8A8733}.Debug|x64.ActiveCfg = Debug|Any CPU
		{6FD17412-2079-401B-96A6-20853A8A8733}.Debug|x64.Build.0 = Debug|Any CPU
		{6FD17412-2079-401B-96A6-20853A8A8733}.Debug|x86.ActiveCfg = Debug|Any CPU
		{6FD17412-2079-401B-96A6-20853A8A8733}.Debug|x86.Build.0 = Debug|Any CPU
		{6FD17412-2079-401B-96A6-20853A8A8733}.Release|Any CPU.ActiveCfg = Release|Any CPU
		{6FD17412-2079-401B-96A6-20853A8A8733}.Release|Any CPU.Build.0 = Release|Any CPU
		{6FD17412-2079-401B-96A6-20853A8A8733}.Release|x64.ActiveCfg = Release|Any CPU
		{6FD17412-2079-401B-96A6-20853A8A8733}.Release|x64.Build.0 = Release|Any CPU
		{6FD17412-2079-401B-96A6-20853A8A8733}.Release|x86.ActiveCfg = Release|Any CPU
		{6FD17412-2079-401B-96A6-20853A8A8733}.Release|x86.Build.0 = Release|Any CPU
		{96866D19-5CA7-46FD-9569-012942CABEE9}.Debug|Any CPU.ActiveCfg = Debug|Any CPU
		{96866D19-5CA7-46FD-9569-012942CABEE9}.Debug|Any CPU.Build.0 = Debug|Any CPU
		{96866D19-5CA7-46FD-9569-012942CABEE9}.Debug|x64.ActiveCfg = Debug|Any CPU
		{96866D19-5CA7-46FD-9569-012942CABEE9}.Debug|x64.Build.0 = Debug|Any CPU
		{96866D19-5CA7-46FD-9569-012942CABEE9}.Debug|x86.ActiveCfg = Debug|Any CPU
		{96866D19-5CA7-46FD-9569-012942CABEE9}.Debug|x86.Build.0 = Debug|Any CPU
		{96866D19-5CA7-46FD-9569-012942CABEE9}.Release|Any CPU.ActiveCfg = Release|Any CPU
		{96866D19-5CA7-46FD-9569-012942CABEE9}.Release|Any CPU.Build.0 = Release|Any CPU
		{96866D19-5CA7-46FD-9569-012942CABEE9}.Release|x64.ActiveCfg = Release|Any CPU
		{96866D19-5CA7-46FD-9569-012942CABEE9}.Release|x64.Build.0 = Release|Any CPU
		{96866D19-5CA7-46FD-9569-012942CABEE9}.Release|x86.ActiveCfg = Release|Any CPU
		{96866D19-5CA7-46FD-9569-012942CABEE9}.Release|x86.Build.0 = Release|Any CPU
		{A7B69789-0E4B-4AFF-A0CF-333071432C4F}.Debug|Any CPU.ActiveCfg = Debug|Any CPU
		{A7B69789-0E4B-4AFF-A0CF-333071432C4F}.Debug|Any CPU.Build.0 = Debug|Any CPU
		{A7B69789-0E4B-4AFF-A0CF-333071432C4F}.Debug|x64.ActiveCfg = Debug|Any CPU
		{A7B69789-0E4B-4AFF-A0CF-333071432C4F}.Debug|x64.Build.0 = Debug|Any CPU
		{A7B69789-0E4B-4AFF-A0CF-333071432C4F}.Debug|x86.ActiveCfg = Debug|Any CPU
		{A7B69789-0E4B-4AFF-A0CF-333071432C4F}.Debug|x86.Build.0 = Debug|Any CPU
		{A7B69789-0E4B-4AFF-A0CF-333071432C4F}.Release|Any CPU.ActiveCfg = Release|Any CPU
		{A7B69789-0E4B-4AFF-A0CF-333071432C4F}.Release|Any CPU.Build.0 = Release|Any CPU
		{A7B69789-0E4B-4AFF-A0CF-333071432C4F}.Release|x64.ActiveCfg = Release|Any CPU
		{A7B69789-0E4B-4AFF-A0CF-333071432C4F}.Release|x64.Build.0 = Release|Any CPU
		{A7B69789-0E4B-4AFF-A0CF-333071432C4F}.Release|x86.ActiveCfg = Release|Any CPU
		{A7B69789-0E4B-4AFF-A0CF-333071432C4F}.Release|x86.Build.0 = Release|Any CPU
		{0EFEAD8D-A885-4283-B5C3-05709D404B66}.Debug|Any CPU.ActiveCfg = Debug|Any CPU
		{0EFEAD8D-A885-4283-B5C3-05709D404B66}.Debug|Any CPU.Build.0 = Debug|Any CPU
		{0EFEAD8D-A885-4283-B5C3-05709D404B66}.Debug|x64.ActiveCfg = Debug|Any CPU
		{0EFEAD8D-A885-4283-B5C3-05709D404B66}.Debug|x64.Build.0 = Debug|Any CPU
		{0EFEAD8D-A885-4283-B5C3-05709D404B66}.Debug|x86.ActiveCfg = Debug|Any CPU
		{0EFEAD8D-A885-4283-B5C3-05709D404B66}.Debug|x86.Build.0 = Debug|Any CPU
		{0EFEAD8D-A885-4283-B5C3-05709D404B66}.Release|Any CPU.ActiveCfg = Release|Any CPU
		{0EFEAD8D-A885-4283-B5C3-05709D404B66}.Release|Any CPU.Build.0 = Release|Any CPU
		{0EFEAD8D-A885-4283-B5C3-05709D404B66}.Release|x64.ActiveCfg = Release|Any CPU
		{0EFEAD8D-A885-4283-B5C3-05709D404B66}.Release|x64.Build.0 = Release|Any CPU
		{0EFEAD8D-A885-4283-B5C3-05709D404B66}.Release|x86.ActiveCfg = Release|Any CPU
		{0EFEAD8D-A885-4283-B5C3-05709D404B66}.Release|x86.Build.0 = Release|Any CPU
		{E759611F-4116-4BF8-8720-7E859C6667B0}.Debug|Any CPU.ActiveCfg = Debug|Any CPU
		{E759611F-4116-4BF8-8720-7E859C6667B0}.Debug|Any CPU.Build.0 = Debug|Any CPU
		{E759611F-4116-4BF8-8720-7E859C6667B0}.Debug|x64.ActiveCfg = Debug|Any CPU
		{E759611F-4116-4BF8-8720-7E859C6667B0}.Debug|x64.Build.0 = Debug|Any CPU
		{E759611F-4116-4BF8-8720-7E859C6667B0}.Debug|x86.ActiveCfg = Debug|Any CPU
		{E759611F-4116-4BF8-8720-7E859C6667B0}.Debug|x86.Build.0 = Debug|Any CPU
		{E759611F-4116-4BF8-8720-7E859C6667B0}.Release|Any CPU.ActiveCfg = Release|Any CPU
		{E759611F-4116-4BF8-8720-7E859C6667B0}.Release|Any CPU.Build.0 = Release|Any CPU
		{E759611F-4116-4BF8-8720-7E859C6667B0}.Release|x64.ActiveCfg = Release|Any CPU
		{E759611F-4116-4BF8-8720-7E859C6667B0}.Release|x64.Build.0 = Release|Any CPU
		{E759611F-4116-4BF8-8720-7E859C6667B0}.Release|x86.ActiveCfg = Release|Any CPU
		{E759611F-4116-4BF8-8720-7E859C6667B0}.Release|x86.Build.0 = Release|Any CPU
		{AA0EC9C7-E47C-4DDC-973D-563BA2A0BD2F}.Debug|Any CPU.ActiveCfg = Debug|Any CPU
		{AA0EC9C7-E47C-4DDC-973D-563BA2A0BD2F}.Debug|Any CPU.Build.0 = Debug|Any CPU
		{AA0EC9C7-E47C-4DDC-973D-563BA2A0BD2F}.Debug|x64.ActiveCfg = Debug|Any CPU
		{AA0EC9C7-E47C-4DDC-973D-563BA2A0BD2F}.Debug|x64.Build.0 = Debug|Any CPU
		{AA0EC9C7-E47C-4DDC-973D-563BA2A0BD2F}.Debug|x86.ActiveCfg = Debug|Any CPU
		{AA0EC9C7-E47C-4DDC-973D-563BA2A0BD2F}.Debug|x86.Build.0 = Debug|Any CPU
		{AA0EC9C7-E47C-4DDC-973D-563BA2A0BD2F}.Release|Any CPU.ActiveCfg = Release|Any CPU
		{AA0EC9C7-E47C-4DDC-973D-563BA2A0BD2F}.Release|Any CPU.Build.0 = Release|Any CPU
		{AA0EC9C7-E47C-4DDC-973D-563BA2A0BD2F}.Release|x64.ActiveCfg = Release|Any CPU
		{AA0EC9C7-E47C-4DDC-973D-563BA2A0BD2F}.Release|x64.Build.0 = Release|Any CPU
		{AA0EC9C7-E47C-4DDC-973D-563BA2A0BD2F}.Release|x86.ActiveCfg = Release|Any CPU
		{AA0EC9C7-E47C-4DDC-973D-563BA2A0BD2F}.Release|x86.Build.0 = Release|Any CPU
		{109E8737-66A7-488C-97CB-D1D6221E9ADE}.Debug|Any CPU.ActiveCfg = Debug|Any CPU
		{109E8737-66A7-488C-97CB-D1D6221E9ADE}.Debug|Any CPU.Build.0 = Debug|Any CPU
		{109E8737-66A7-488C-97CB-D1D6221E9ADE}.Debug|x64.ActiveCfg = Debug|Any CPU
		{109E8737-66A7-488C-97CB-D1D6221E9ADE}.Debug|x64.Build.0 = Debug|Any CPU
		{109E8737-66A7-488C-97CB-D1D6221E9ADE}.Debug|x86.ActiveCfg = Debug|Any CPU
		{109E8737-66A7-488C-97CB-D1D6221E9ADE}.Debug|x86.Build.0 = Debug|Any CPU
		{109E8737-66A7-488C-97CB-D1D6221E9ADE}.Release|Any CPU.ActiveCfg = Release|Any CPU
		{109E8737-66A7-488C-97CB-D1D6221E9ADE}.Release|Any CPU.Build.0 = Release|Any CPU
		{109E8737-66A7-488C-97CB-D1D6221E9ADE}.Release|x64.ActiveCfg = Release|Any CPU
		{109E8737-66A7-488C-97CB-D1D6221E9ADE}.Release|x64.Build.0 = Release|Any CPU
		{109E8737-66A7-488C-97CB-D1D6221E9ADE}.Release|x86.ActiveCfg = Release|Any CPU
		{109E8737-66A7-488C-97CB-D1D6221E9ADE}.Release|x86.Build.0 = Release|Any CPU
		{4D148524-95BE-4A42-A409-B561443F5795}.Debug|Any CPU.ActiveCfg = Debug|Any CPU
		{4D148524-95BE-4A42-A409-B561443F5795}.Debug|Any CPU.Build.0 = Debug|Any CPU
		{4D148524-95BE-4A42-A409-B561443F5795}.Debug|x64.ActiveCfg = Debug|Any CPU
		{4D148524-95BE-4A42-A409-B561443F5795}.Debug|x64.Build.0 = Debug|Any CPU
		{4D148524-95BE-4A42-A409-B561443F5795}.Debug|x86.ActiveCfg = Debug|Any CPU
		{4D148524-95BE-4A42-A409-B561443F5795}.Debug|x86.Build.0 = Debug|Any CPU
		{4D148524-95BE-4A42-A409-B561443F5795}.Release|Any CPU.ActiveCfg = Release|Any CPU
		{4D148524-95BE-4A42-A409-B561443F5795}.Release|Any CPU.Build.0 = Release|Any CPU
		{4D148524-95BE-4A42-A409-B561443F5795}.Release|x64.ActiveCfg = Release|Any CPU
		{4D148524-95BE-4A42-A409-B561443F5795}.Release|x64.Build.0 = Release|Any CPU
		{4D148524-95BE-4A42-A409-B561443F5795}.Release|x86.ActiveCfg = Release|Any CPU
		{4D148524-95BE-4A42-A409-B561443F5795}.Release|x86.Build.0 = Release|Any CPU
		{5B94EB29-73E2-40DE-AA0B-0AE60F4032CA}.Debug|Any CPU.ActiveCfg = Debug|Any CPU
		{5B94EB29-73E2-40DE-AA0B-0AE60F4032CA}.Debug|Any CPU.Build.0 = Debug|Any CPU
		{5B94EB29-73E2-40DE-AA0B-0AE60F4032CA}.Debug|x64.ActiveCfg = Debug|Any CPU
		{5B94EB29-73E2-40DE-AA0B-0AE60F4032CA}.Debug|x64.Build.0 = Debug|Any CPU
		{5B94EB29-73E2-40DE-AA0B-0AE60F4032CA}.Debug|x86.ActiveCfg = Debug|Any CPU
		{5B94EB29-73E2-40DE-AA0B-0AE60F4032CA}.Debug|x86.Build.0 = Debug|Any CPU
		{5B94EB29-73E2-40DE-AA0B-0AE60F4032CA}.Release|Any CPU.ActiveCfg = Release|Any CPU
		{5B94EB29-73E2-40DE-AA0B-0AE60F4032CA}.Release|Any CPU.Build.0 = Release|Any CPU
		{5B94EB29-73E2-40DE-AA0B-0AE60F4032CA}.Release|x64.ActiveCfg = Release|Any CPU
		{5B94EB29-73E2-40DE-AA0B-0AE60F4032CA}.Release|x64.Build.0 = Release|Any CPU
		{5B94EB29-73E2-40DE-AA0B-0AE60F4032CA}.Release|x86.ActiveCfg = Release|Any CPU
		{5B94EB29-73E2-40DE-AA0B-0AE60F4032CA}.Release|x86.Build.0 = Release|Any CPU
		{686EA366-6BF8-4669-BBD1-67EFC4A16C67}.Debug|Any CPU.ActiveCfg = Debug|Any CPU
		{686EA366-6BF8-4669-BBD1-67EFC4A16C67}.Debug|Any CPU.Build.0 = Debug|Any CPU
		{686EA366-6BF8-4669-BBD1-67EFC4A16C67}.Debug|x64.ActiveCfg = Debug|Any CPU
		{686EA366-6BF8-4669-BBD1-67EFC4A16C67}.Debug|x64.Build.0 = Debug|Any CPU
		{686EA366-6BF8-4669-BBD1-67EFC4A16C67}.Debug|x86.ActiveCfg = Debug|Any CPU
		{686EA366-6BF8-4669-BBD1-67EFC4A16C67}.Debug|x86.Build.0 = Debug|Any CPU
		{686EA366-6BF8-4669-BBD1-67EFC4A16C67}.Release|Any CPU.ActiveCfg = Release|Any CPU
		{686EA366-6BF8-4669-BBD1-67EFC4A16C67}.Release|Any CPU.Build.0 = Release|Any CPU
		{686EA366-6BF8-4669-BBD1-67EFC4A16C67}.Release|x64.ActiveCfg = Release|Any CPU
		{686EA366-6BF8-4669-BBD1-67EFC4A16C67}.Release|x64.Build.0 = Release|Any CPU
		{686EA366-6BF8-4669-BBD1-67EFC4A16C67}.Release|x86.ActiveCfg = Release|Any CPU
		{686EA366-6BF8-4669-BBD1-67EFC4A16C67}.Release|x86.Build.0 = Release|Any CPU
		{111B1D83-6443-4A98-987D-89F376223DF6}.Debug|Any CPU.ActiveCfg = Debug|Any CPU
		{111B1D83-6443-4A98-987D-89F376223DF6}.Debug|Any CPU.Build.0 = Debug|Any CPU
		{111B1D83-6443-4A98-987D-89F376223DF6}.Debug|x64.ActiveCfg = Debug|Any CPU
		{111B1D83-6443-4A98-987D-89F376223DF6}.Debug|x64.Build.0 = Debug|Any CPU
		{111B1D83-6443-4A98-987D-89F376223DF6}.Debug|x86.ActiveCfg = Debug|Any CPU
		{111B1D83-6443-4A98-987D-89F376223DF6}.Debug|x86.Build.0 = Debug|Any CPU
		{111B1D83-6443-4A98-987D-89F376223DF6}.Release|Any CPU.ActiveCfg = Release|Any CPU
		{111B1D83-6443-4A98-987D-89F376223DF6}.Release|Any CPU.Build.0 = Release|Any CPU
		{111B1D83-6443-4A98-987D-89F376223DF6}.Release|x64.ActiveCfg = Release|Any CPU
		{111B1D83-6443-4A98-987D-89F376223DF6}.Release|x64.Build.0 = Release|Any CPU
		{111B1D83-6443-4A98-987D-89F376223DF6}.Release|x86.ActiveCfg = Release|Any CPU
		{111B1D83-6443-4A98-987D-89F376223DF6}.Release|x86.Build.0 = Release|Any CPU
		{6B366A04-716D-4CDA-83FE-22392DE60B48}.Debug|Any CPU.ActiveCfg = Debug|Any CPU
		{6B366A04-716D-4CDA-83FE-22392DE60B48}.Debug|Any CPU.Build.0 = Debug|Any CPU
		{6B366A04-716D-4CDA-83FE-22392DE60B48}.Debug|x64.ActiveCfg = Debug|Any CPU
		{6B366A04-716D-4CDA-83FE-22392DE60B48}.Debug|x64.Build.0 = Debug|Any CPU
		{6B366A04-716D-4CDA-83FE-22392DE60B48}.Debug|x86.ActiveCfg = Debug|Any CPU
		{6B366A04-716D-4CDA-83FE-22392DE60B48}.Debug|x86.Build.0 = Debug|Any CPU
		{6B366A04-716D-4CDA-83FE-22392DE60B48}.Release|Any CPU.ActiveCfg = Release|Any CPU
		{6B366A04-716D-4CDA-83FE-22392DE60B48}.Release|Any CPU.Build.0 = Release|Any CPU
		{6B366A04-716D-4CDA-83FE-22392DE60B48}.Release|x64.ActiveCfg = Release|Any CPU
		{6B366A04-716D-4CDA-83FE-22392DE60B48}.Release|x64.Build.0 = Release|Any CPU
		{6B366A04-716D-4CDA-83FE-22392DE60B48}.Release|x86.ActiveCfg = Release|Any CPU
		{6B366A04-716D-4CDA-83FE-22392DE60B48}.Release|x86.Build.0 = Release|Any CPU
		{12AE7F03-4883-41FA-994E-C8369AA3DC3D}.Debug|Any CPU.ActiveCfg = Debug|Any CPU
		{12AE7F03-4883-41FA-994E-C8369AA3DC3D}.Debug|Any CPU.Build.0 = Debug|Any CPU
		{12AE7F03-4883-41FA-994E-C8369AA3DC3D}.Debug|x64.ActiveCfg = Debug|Any CPU
		{12AE7F03-4883-41FA-994E-C8369AA3DC3D}.Debug|x64.Build.0 = Debug|Any CPU
		{12AE7F03-4883-41FA-994E-C8369AA3DC3D}.Debug|x86.ActiveCfg = Debug|Any CPU
		{12AE7F03-4883-41FA-994E-C8369AA3DC3D}.Debug|x86.Build.0 = Debug|Any CPU
		{12AE7F03-4883-41FA-994E-C8369AA3DC3D}.Release|Any CPU.ActiveCfg = Release|Any CPU
		{12AE7F03-4883-41FA-994E-C8369AA3DC3D}.Release|Any CPU.Build.0 = Release|Any CPU
		{12AE7F03-4883-41FA-994E-C8369AA3DC3D}.Release|x64.ActiveCfg = Release|Any CPU
		{12AE7F03-4883-41FA-994E-C8369AA3DC3D}.Release|x64.Build.0 = Release|Any CPU
		{12AE7F03-4883-41FA-994E-C8369AA3DC3D}.Release|x86.ActiveCfg = Release|Any CPU
		{12AE7F03-4883-41FA-994E-C8369AA3DC3D}.Release|x86.Build.0 = Release|Any CPU
		{A328AD5D-6E55-4C24-8D70-B09FD00D80DF}.Debug|Any CPU.ActiveCfg = Debug|Any CPU
		{A328AD5D-6E55-4C24-8D70-B09FD00D80DF}.Debug|Any CPU.Build.0 = Debug|Any CPU
		{A328AD5D-6E55-4C24-8D70-B09FD00D80DF}.Debug|x64.ActiveCfg = Debug|Any CPU
		{A328AD5D-6E55-4C24-8D70-B09FD00D80DF}.Debug|x64.Build.0 = Debug|Any CPU
		{A328AD5D-6E55-4C24-8D70-B09FD00D80DF}.Debug|x86.ActiveCfg = Debug|Any CPU
		{A328AD5D-6E55-4C24-8D70-B09FD00D80DF}.Debug|x86.Build.0 = Debug|Any CPU
		{A328AD5D-6E55-4C24-8D70-B09FD00D80DF}.Release|Any CPU.ActiveCfg = Release|Any CPU
		{A328AD5D-6E55-4C24-8D70-B09FD00D80DF}.Release|Any CPU.Build.0 = Release|Any CPU
		{A328AD5D-6E55-4C24-8D70-B09FD00D80DF}.Release|x64.ActiveCfg = Release|Any CPU
		{A328AD5D-6E55-4C24-8D70-B09FD00D80DF}.Release|x64.Build.0 = Release|Any CPU
		{A328AD5D-6E55-4C24-8D70-B09FD00D80DF}.Release|x86.ActiveCfg = Release|Any CPU
		{A328AD5D-6E55-4C24-8D70-B09FD00D80DF}.Release|x86.Build.0 = Release|Any CPU
		{6AD8D4D0-32F1-4B64-B0CA-D5DF0117E020}.Debug|Any CPU.ActiveCfg = Debug|Any CPU
		{6AD8D4D0-32F1-4B64-B0CA-D5DF0117E020}.Debug|Any CPU.Build.0 = Debug|Any CPU
		{6AD8D4D0-32F1-4B64-B0CA-D5DF0117E020}.Debug|x64.ActiveCfg = Debug|Any CPU
		{6AD8D4D0-32F1-4B64-B0CA-D5DF0117E020}.Debug|x64.Build.0 = Debug|Any CPU
		{6AD8D4D0-32F1-4B64-B0CA-D5DF0117E020}.Debug|x86.ActiveCfg = Debug|Any CPU
		{6AD8D4D0-32F1-4B64-B0CA-D5DF0117E020}.Debug|x86.Build.0 = Debug|Any CPU
		{6AD8D4D0-32F1-4B64-B0CA-D5DF0117E020}.Release|Any CPU.ActiveCfg = Release|Any CPU
		{6AD8D4D0-32F1-4B64-B0CA-D5DF0117E020}.Release|Any CPU.Build.0 = Release|Any CPU
		{6AD8D4D0-32F1-4B64-B0CA-D5DF0117E020}.Release|x64.ActiveCfg = Release|Any CPU
		{6AD8D4D0-32F1-4B64-B0CA-D5DF0117E020}.Release|x64.Build.0 = Release|Any CPU
		{6AD8D4D0-32F1-4B64-B0CA-D5DF0117E020}.Release|x86.ActiveCfg = Release|Any CPU
		{6AD8D4D0-32F1-4B64-B0CA-D5DF0117E020}.Release|x86.Build.0 = Release|Any CPU
	EndGlobalSection
	GlobalSection(SolutionProperties) = preSolution
		HideSolutionNode = FALSE
	EndGlobalSection
	GlobalSection(NestedProjects) = preSolution
		{0E002ABA-A992-40D4-9FC1-19C36CA22C61} = {D636D8AD-DC26-4DEB-9E93-91E2A9950C68}
		{F6D6BA61-A017-4B9F-B974-49FB6863945F} = {D636D8AD-DC26-4DEB-9E93-91E2A9950C68}
		{4898F31A-03BE-497E-8DCD-BE5F0718411B} = {D636D8AD-DC26-4DEB-9E93-91E2A9950C68}
		{BDC398D3-5D39-4FE5-9DE4-944B05255F74} = {D636D8AD-DC26-4DEB-9E93-91E2A9950C68}
		{F0DF5785-F06B-4CDA-8B0C-9AE96E268427} = {D636D8AD-DC26-4DEB-9E93-91E2A9950C68}
		{7468205C-988F-4E1A-B7FA-3F15AEB94981} = {D636D8AD-DC26-4DEB-9E93-91E2A9950C68}
		{987CE492-1855-416B-AFCF-A4D430B17CB9} = {D636D8AD-DC26-4DEB-9E93-91E2A9950C68}
		{4B425721-04C8-47F8-AACC-65F0FDED53EA} = {D636D8AD-DC26-4DEB-9E93-91E2A9950C68}
		{A00D858E-A774-4C6F-BA78-90048F0C74CF} = {A17E7105-AAE4-459D-B404-711BF92907C1}
		{14EB78CC-ACDC-4F5B-B1E1-37EF4CE09563} = {A17E7105-AAE4-459D-B404-711BF92907C1}
		{DCFB0A89-85AE-41DE-966B-EADDA0430C12} = {A17E7105-AAE4-459D-B404-711BF92907C1}
		{34BE69DF-8820-4AC9-A5DA-041E13A4855F} = {A17E7105-AAE4-459D-B404-711BF92907C1}
		{6FD17412-2079-401B-96A6-20853A8A8733} = {A17E7105-AAE4-459D-B404-711BF92907C1}
		{96866D19-5CA7-46FD-9569-012942CABEE9} = {A17E7105-AAE4-459D-B404-711BF92907C1}
		{A7B69789-0E4B-4AFF-A0CF-333071432C4F} = {A17E7105-AAE4-459D-B404-711BF92907C1}
		{0EFEAD8D-A885-4283-B5C3-05709D404B66} = {574997CA-E5DA-4581-A9C4-E654ACFCC515}
		{E759611F-4116-4BF8-8720-7E859C6667B0} = {574997CA-E5DA-4581-A9C4-E654ACFCC515}
		{AA0EC9C7-E47C-4DDC-973D-563BA2A0BD2F} = {574997CA-E5DA-4581-A9C4-E654ACFCC515}
		{109E8737-66A7-488C-97CB-D1D6221E9ADE} = {574997CA-E5DA-4581-A9C4-E654ACFCC515}
		{4D148524-95BE-4A42-A409-B561443F5795} = {574997CA-E5DA-4581-A9C4-E654ACFCC515}
		{5B94EB29-73E2-40DE-AA0B-0AE60F4032CA} = {574997CA-E5DA-4581-A9C4-E654ACFCC515}
		{686EA366-6BF8-4669-BBD1-67EFC4A16C67} = {574997CA-E5DA-4581-A9C4-E654ACFCC515}
		{111B1D83-6443-4A98-987D-89F376223DF6} = {574997CA-E5DA-4581-A9C4-E654ACFCC515}
		{6B366A04-716D-4CDA-83FE-22392DE60B48} = {574997CA-E5DA-4581-A9C4-E654ACFCC515}
		{12AE7F03-4883-41FA-994E-C8369AA3DC3D} = {574997CA-E5DA-4581-A9C4-E654ACFCC515}
		{A328AD5D-6E55-4C24-8D70-B09FD00D80DF} = {574997CA-E5DA-4581-A9C4-E654ACFCC515}
		{6AD8D4D0-32F1-4B64-B0CA-D5DF0117E020} = {574997CA-E5DA-4581-A9C4-E654ACFCC515}
	EndGlobalSection
	GlobalSection(ExtensibilityGlobals) = postSolution
		SolutionGuid = {00AFA39A-3A7B-43E6-9DB5-5E4880830AF3}
	EndGlobalSection
EndGlobal
